
Microsoft Visual Studio Solution File, Format Version 12.00
# Visual Studio Version 16
VisualStudioVersion = 16.0.29418.71
MinimumVisualStudioVersion = 10.0.40219.1
Project("{FAE04EC0-301F-11D3-BF4B-00C04F79EFBC}") = "calculater", "mycsharp_workfolw\calculater.csproj", "{AAB7B930-B3FE-44C8-9AA1-748C69A1C193}"
EndProject
Global
	GlobalSection(SolutionConfigurationPlatforms) = preSolution
		Debug|Any CPU = Debug|Any CPU
		Release|Any CPU = Release|Any CPU
	EndGlobalSection
	GlobalSection(ProjectConfigurationPlatforms) = postSolution
		{AAB7B930-B3FE-44C8-9AA1-748C69A1C193}.Debug|Any CPU.ActiveCfg = Debug|Any CPU
		{AAB7B930-B3FE-44C8-9AA1-748C69A1C193}.Debug|Any CPU.Build.0 = Debug|Any CPU
		{AAB7B930-B3FE-44C8-9AA1-748C69A1C193}.Release|Any CPU.ActiveCfg = Release|Any CPU
		{AAB7B930-B3FE-44C8-9AA1-748C69A1C193}.Release|Any CPU.Build.0 = Release|Any CPU
	EndGlobalSection
	GlobalSection(SolutionProperties) = preSolution
		HideSolutionNode = FALSE
	EndGlobalSection
	GlobalSection(ExtensibilityGlobals) = postSolution
		SolutionGuid = {0D931347-489D-4709-8349-C75CC5C997A9}
	EndGlobalSection
EndGlobal
